// !$*UTF8*$!
{
	archiveVersion = 1;
	classes = {
	};
	objectVersion = 56;
	objects = {

/* Begin PBXBuildFile section */
		2B391E9B2B4F50C6000585D7 /* EditJournalView.swift in Sources */ = {isa = PBXBuildFile; fileRef = 2B391E9A2B4F50C6000585D7 /* EditJournalView.swift */; };
		2B391E9F2B504EE1000585D7 /* ChartsViewModel.swift in Sources */ = {isa = PBXBuildFile; fileRef = 2B391E9E2B504EE1000585D7 /* ChartsViewModel.swift */; };
		2B3FD2102B453670003F3DC0 /* DayForgeApp.swift in Sources */ = {isa = PBXBuildFile; fileRef = 2B3FD20F2B453670003F3DC0 /* DayForgeApp.swift */; };
		2B3FD2122B453670003F3DC0 /* ContentView.swift in Sources */ = {isa = PBXBuildFile; fileRef = 2B3FD2112B453670003F3DC0 /* ContentView.swift */; };
		2B3FD2142B453672003F3DC0 /* Assets.xcassets in Resources */ = {isa = PBXBuildFile; fileRef = 2B3FD2132B453672003F3DC0 /* Assets.xcassets */; };
		2B3FD2172B453672003F3DC0 /* Preview Assets.xcassets in Resources */ = {isa = PBXBuildFile; fileRef = 2B3FD2162B453672003F3DC0 /* Preview Assets.xcassets */; };
		2B3FD2212B453672003F3DC0 /* DayForgeTests.swift in Sources */ = {isa = PBXBuildFile; fileRef = 2B3FD2202B453672003F3DC0 /* DayForgeTests.swift */; };
		2B3FD22B2B453672003F3DC0 /* DayForgeUITests.swift in Sources */ = {isa = PBXBuildFile; fileRef = 2B3FD22A2B453672003F3DC0 /* DayForgeUITests.swift */; };
		2B3FD22D2B453672003F3DC0 /* DayForgeUITestsLaunchTests.swift in Sources */ = {isa = PBXBuildFile; fileRef = 2B3FD22C2B453672003F3DC0 /* DayForgeUITestsLaunchTests.swift */; };
		2B3FD23C2B4536C8003F3DC0 /* SplashScreenView.swift in Sources */ = {isa = PBXBuildFile; fileRef = 2B3FD23B2B4536C8003F3DC0 /* SplashScreenView.swift */; };
		2B3FD23E2B45371F003F3DC0 /* SplashScreenViewModel.swift in Sources */ = {isa = PBXBuildFile; fileRef = 2B3FD23D2B45371F003F3DC0 /* SplashScreenViewModel.swift */; };
		2B3FD2422B453F1F003F3DC0 /* Roboto-Regular.ttf in Resources */ = {isa = PBXBuildFile; fileRef = 2B3FD2412B453F1F003F3DC0 /* Roboto-Regular.ttf */; };
		2B3FD2452B454216003F3DC0 /* PaytoneOne-Regular.ttf in Resources */ = {isa = PBXBuildFile; fileRef = 2B3FD2442B454216003F3DC0 /* PaytoneOne-Regular.ttf */; };
		2B3FD2492B454773003F3DC0 /* HeadingView.swift in Sources */ = {isa = PBXBuildFile; fileRef = 2B3FD2482B454773003F3DC0 /* HeadingView.swift */; };
		2B3FD24D2B454807003F3DC0 /* LoginView.swift in Sources */ = {isa = PBXBuildFile; fileRef = 2B3FD24A2B454807003F3DC0 /* LoginView.swift */; };
		2B3FD24E2B454807003F3DC0 /* AuthView.swift in Sources */ = {isa = PBXBuildFile; fileRef = 2B3FD24B2B454807003F3DC0 /* AuthView.swift */; };
		2B3FD24F2B454807003F3DC0 /* RegisterView.swift in Sources */ = {isa = PBXBuildFile; fileRef = 2B3FD24C2B454807003F3DC0 /* RegisterView.swift */; };
		2B3FD2532B454816003F3DC0 /* AuthViewModel.swift in Sources */ = {isa = PBXBuildFile; fileRef = 2B3FD2502B454816003F3DC0 /* AuthViewModel.swift */; };
		2B3FD2542B454816003F3DC0 /* LoginViewModel.swift in Sources */ = {isa = PBXBuildFile; fileRef = 2B3FD2512B454816003F3DC0 /* LoginViewModel.swift */; };
		2B3FD2552B454816003F3DC0 /* RegisterViewModel.swift in Sources */ = {isa = PBXBuildFile; fileRef = 2B3FD2522B454816003F3DC0 /* RegisterViewModel.swift */; };
		2B3FD2582B4548DF003F3DC0 /* FirebaseAuth in Frameworks */ = {isa = PBXBuildFile; productRef = 2B3FD2572B4548DF003F3DC0 /* FirebaseAuth */; };
		2B3FD25A2B4548DF003F3DC0 /* FirebaseFirestore in Frameworks */ = {isa = PBXBuildFile; productRef = 2B3FD2592B4548DF003F3DC0 /* FirebaseFirestore */; };
		2B3FD25D2B45493A003F3DC0 /* UserModel.swift in Sources */ = {isa = PBXBuildFile; fileRef = 2B3FD25C2B45493A003F3DC0 /* UserModel.swift */; };
		2B3FD25F2B454962003F3DC0 /* Extensions.swift in Sources */ = {isa = PBXBuildFile; fileRef = 2B3FD25E2B454962003F3DC0 /* Extensions.swift */; };
		2B3FD2622B45B5D0003F3DC0 /* GoogleService-Info.plist in Resources */ = {isa = PBXBuildFile; fileRef = 2B3FD2612B45B5D0003F3DC0 /* GoogleService-Info.plist */; };
		2B3FD2642B45B9C7003F3DC0 /* HomeView.swift in Sources */ = {isa = PBXBuildFile; fileRef = 2B3FD2632B45B9C7003F3DC0 /* HomeView.swift */; };
		2B3FD2662B45C2B5003F3DC0 /* .gitignore in Resources */ = {isa = PBXBuildFile; fileRef = 2B3FD2652B45C2B5003F3DC0 /* .gitignore */; };
		2B3FD26C2B45CECB003F3DC0 /* MainView.swift in Sources */ = {isa = PBXBuildFile; fileRef = 2B3FD26B2B45CECB003F3DC0 /* MainView.swift */; };
		2B3FD26E2B45CFAC003F3DC0 /* NewJournalView.swift in Sources */ = {isa = PBXBuildFile; fileRef = 2B3FD26D2B45CFAC003F3DC0 /* NewJournalView.swift */; };
		2B3FD2702B45D083003F3DC0 /* QuizView.swift in Sources */ = {isa = PBXBuildFile; fileRef = 2B3FD26F2B45D083003F3DC0 /* QuizView.swift */; };
		2B3FD2722B45D08D003F3DC0 /* ChartsView.swift in Sources */ = {isa = PBXBuildFile; fileRef = 2B3FD2712B45D08D003F3DC0 /* ChartsView.swift */; };
		2B3FD2742B45D098003F3DC0 /* ProfileView.swift in Sources */ = {isa = PBXBuildFile; fileRef = 2B3FD2732B45D098003F3DC0 /* ProfileView.swift */; };
		2B3FD2782B46E7E0003F3DC0 /* JournalModel.swift in Sources */ = {isa = PBXBuildFile; fileRef = 2B3FD2772B46E7E0003F3DC0 /* JournalModel.swift */; };
		2B6A4E202B545BF900D7ECFC /* HomeItemView.swift in Sources */ = {isa = PBXBuildFile; fileRef = 2B6A4E1F2B545BF900D7ECFC /* HomeItemView.swift */; };
		2BCC69BD2B4D88E00072BC24 /* NewJournalViewModel.swift in Sources */ = {isa = PBXBuildFile; fileRef = 2BCC69BC2B4D88E00072BC24 /* NewJournalViewModel.swift */; };
		2BCC69BF2B4D8BAF0072BC24 /* JournalView.swift in Sources */ = {isa = PBXBuildFile; fileRef = 2BCC69BE2B4D8BAF0072BC24 /* JournalView.swift */; };
		2BCC69C12B4D8D460072BC24 /* JournalItemView.swift in Sources */ = {isa = PBXBuildFile; fileRef = 2BCC69C02B4D8D460072BC24 /* JournalItemView.swift */; };
		2BCC69C32B4D8D560072BC24 /* JournalItemViewModel.swift in Sources */ = {isa = PBXBuildFile; fileRef = 2BCC69C22B4D8D550072BC24 /* JournalItemViewModel.swift */; };
		2BCC69C72B4D925D0072BC24 /* FirebaseFirestoreSwift in Frameworks */ = {isa = PBXBuildFile; productRef = 2BCC69C62B4D925D0072BC24 /* FirebaseFirestoreSwift */; };
		2BCC69CA2B4ECC070072BC24 /* Inter-Regular.ttf in Resources */ = {isa = PBXBuildFile; fileRef = 2BCC69C82B4ECC070072BC24 /* Inter-Regular.ttf */; };
		2BCC69CB2B4ECC070072BC24 /* Inter-Bold.ttf in Resources */ = {isa = PBXBuildFile; fileRef = 2BCC69C92B4ECC070072BC24 /* Inter-Bold.ttf */; };
		2BCC69CD2B4F02E90072BC24 /* JournalViewModel.swift in Sources */ = {isa = PBXBuildFile; fileRef = 2BCC69CC2B4F02E80072BC24 /* JournalViewModel.swift */; };
		2BE192382B5544C000D82ADF /* FirstWelcomePageView.swift in Sources */ = {isa = PBXBuildFile; fileRef = 2BE192372B5544C000D82ADF /* FirstWelcomePageView.swift */; };
		2BE1923A2B55488B00D82ADF /* SecondWelcomePageView.swift in Sources */ = {isa = PBXBuildFile; fileRef = 2BE192392B55488B00D82ADF /* SecondWelcomePageView.swift */; };
		2BFEC5FE2B4AE10400C567D5 /* ProfileViewModel.swift in Sources */ = {isa = PBXBuildFile; fileRef = 2BFEC5FD2B4AE10400C567D5 /* ProfileViewModel.swift */; };
		2BFEC6042B4AF4F000C567D5 /* Poppins-Regular.ttf in Resources */ = {isa = PBXBuildFile; fileRef = 2BFEC5FF2B4AF4F000C567D5 /* Poppins-Regular.ttf */; };
		2BFEC6052B4AF4F000C567D5 /* Poppins-Medium.ttf in Resources */ = {isa = PBXBuildFile; fileRef = 2BFEC6002B4AF4F000C567D5 /* Poppins-Medium.ttf */; };
		2BFEC6062B4AF4F000C567D5 /* Poppins-ExtraBold.ttf in Resources */ = {isa = PBXBuildFile; fileRef = 2BFEC6012B4AF4F000C567D5 /* Poppins-ExtraBold.ttf */; };
		2BFEC6072B4AF4F000C567D5 /* Poppins-Black.ttf in Resources */ = {isa = PBXBuildFile; fileRef = 2BFEC6022B4AF4F000C567D5 /* Poppins-Black.ttf */; };
		2BFEC6082B4AF4F000C567D5 /* Poppins-Bold.ttf in Resources */ = {isa = PBXBuildFile; fileRef = 2BFEC6032B4AF4F000C567D5 /* Poppins-Bold.ttf */; };
		2BFEC60A2B4B133400C567D5 /* MoodModel.swift in Sources */ = {isa = PBXBuildFile; fileRef = 2BFEC6092B4B133400C567D5 /* MoodModel.swift */; };
		2BFEC60C2B4B13CE00C567D5 /* QuizViewModel.swift in Sources */ = {isa = PBXBuildFile; fileRef = 2BFEC60B2B4B13CE00C567D5 /* QuizViewModel.swift */; };
/* End PBXBuildFile section */

/* Begin PBXContainerItemProxy section */
		2B3FD21D2B453672003F3DC0 /* PBXContainerItemProxy */ = {
			isa = PBXContainerItemProxy;
			containerPortal = 2B3FD2042B453670003F3DC0 /* Project object */;
			proxyType = 1;
			remoteGlobalIDString = 2B3FD20B2B453670003F3DC0;
			remoteInfo = DayForge;
		};
		2B3FD2272B453672003F3DC0 /* PBXContainerItemProxy */ = {
			isa = PBXContainerItemProxy;
			containerPortal = 2B3FD2042B453670003F3DC0 /* Project object */;
			proxyType = 1;
			remoteGlobalIDString = 2B3FD20B2B453670003F3DC0;
			remoteInfo = DayForge;
		};
/* End PBXContainerItemProxy section */

/* Begin PBXFileReference section */
		2B391E9A2B4F50C6000585D7 /* EditJournalView.swift */ = {isa = PBXFileReference; lastKnownFileType = sourcecode.swift; path = EditJournalView.swift; sourceTree = "<group>"; };
		2B391E9E2B504EE1000585D7 /* ChartsViewModel.swift */ = {isa = PBXFileReference; lastKnownFileType = sourcecode.swift; path = ChartsViewModel.swift; sourceTree = "<group>"; };
		2B3FD20C2B453670003F3DC0 /* DayForge.app */ = {isa = PBXFileReference; explicitFileType = wrapper.application; includeInIndex = 0; path = DayForge.app; sourceTree = BUILT_PRODUCTS_DIR; };
		2B3FD20F2B453670003F3DC0 /* DayForgeApp.swift */ = {isa = PBXFileReference; lastKnownFileType = sourcecode.swift; path = DayForgeApp.swift; sourceTree = "<group>"; };
		2B3FD2112B453670003F3DC0 /* ContentView.swift */ = {isa = PBXFileReference; lastKnownFileType = sourcecode.swift; path = ContentView.swift; sourceTree = "<group>"; };
		2B3FD2132B453672003F3DC0 /* Assets.xcassets */ = {isa = PBXFileReference; lastKnownFileType = folder.assetcatalog; path = Assets.xcassets; sourceTree = "<group>"; };
		2B3FD2162B453672003F3DC0 /* Preview Assets.xcassets */ = {isa = PBXFileReference; lastKnownFileType = folder.assetcatalog; path = "Preview Assets.xcassets"; sourceTree = "<group>"; };
		2B3FD21C2B453672003F3DC0 /* DayForgeTests.xctest */ = {isa = PBXFileReference; explicitFileType = wrapper.cfbundle; includeInIndex = 0; path = DayForgeTests.xctest; sourceTree = BUILT_PRODUCTS_DIR; };
		2B3FD2202B453672003F3DC0 /* DayForgeTests.swift */ = {isa = PBXFileReference; lastKnownFileType = sourcecode.swift; path = DayForgeTests.swift; sourceTree = "<group>"; };
		2B3FD2262B453672003F3DC0 /* DayForgeUITests.xctest */ = {isa = PBXFileReference; explicitFileType = wrapper.cfbundle; includeInIndex = 0; path = DayForgeUITests.xctest; sourceTree = BUILT_PRODUCTS_DIR; };
		2B3FD22A2B453672003F3DC0 /* DayForgeUITests.swift */ = {isa = PBXFileReference; lastKnownFileType = sourcecode.swift; path = DayForgeUITests.swift; sourceTree = "<group>"; };
		2B3FD22C2B453672003F3DC0 /* DayForgeUITestsLaunchTests.swift */ = {isa = PBXFileReference; lastKnownFileType = sourcecode.swift; path = DayForgeUITestsLaunchTests.swift; sourceTree = "<group>"; };
		2B3FD23B2B4536C8003F3DC0 /* SplashScreenView.swift */ = {isa = PBXFileReference; lastKnownFileType = sourcecode.swift; path = SplashScreenView.swift; sourceTree = "<group>"; };
		2B3FD23D2B45371F003F3DC0 /* SplashScreenViewModel.swift */ = {isa = PBXFileReference; lastKnownFileType = sourcecode.swift; path = SplashScreenViewModel.swift; sourceTree = "<group>"; };
		2B3FD2412B453F1F003F3DC0 /* Roboto-Regular.ttf */ = {isa = PBXFileReference; lastKnownFileType = file; path = "Roboto-Regular.ttf"; sourceTree = "<group>"; };
		2B3FD2432B454010003F3DC0 /* Info.plist */ = {isa = PBXFileReference; lastKnownFileType = text.plist.xml; path = Info.plist; sourceTree = "<group>"; };
		2B3FD2442B454216003F3DC0 /* PaytoneOne-Regular.ttf */ = {isa = PBXFileReference; lastKnownFileType = file; path = "PaytoneOne-Regular.ttf"; sourceTree = "<group>"; };
		2B3FD2482B454773003F3DC0 /* HeadingView.swift */ = {isa = PBXFileReference; lastKnownFileType = sourcecode.swift; path = HeadingView.swift; sourceTree = "<group>"; };
		2B3FD24A2B454807003F3DC0 /* LoginView.swift */ = {isa = PBXFileReference; fileEncoding = 4; lastKnownFileType = sourcecode.swift; path = LoginView.swift; sourceTree = "<group>"; };
		2B3FD24B2B454807003F3DC0 /* AuthView.swift */ = {isa = PBXFileReference; fileEncoding = 4; lastKnownFileType = sourcecode.swift; path = AuthView.swift; sourceTree = "<group>"; };
		2B3FD24C2B454807003F3DC0 /* RegisterView.swift */ = {isa = PBXFileReference; fileEncoding = 4; lastKnownFileType = sourcecode.swift; path = RegisterView.swift; sourceTree = "<group>"; };
		2B3FD2502B454816003F3DC0 /* AuthViewModel.swift */ = {isa = PBXFileReference; fileEncoding = 4; lastKnownFileType = sourcecode.swift; path = AuthViewModel.swift; sourceTree = "<group>"; };
		2B3FD2512B454816003F3DC0 /* LoginViewModel.swift */ = {isa = PBXFileReference; fileEncoding = 4; lastKnownFileType = sourcecode.swift; path = LoginViewModel.swift; sourceTree = "<group>"; };
		2B3FD2522B454816003F3DC0 /* RegisterViewModel.swift */ = {isa = PBXFileReference; fileEncoding = 4; lastKnownFileType = sourcecode.swift; path = RegisterViewModel.swift; sourceTree = "<group>"; };
		2B3FD25C2B45493A003F3DC0 /* UserModel.swift */ = {isa = PBXFileReference; fileEncoding = 4; lastKnownFileType = sourcecode.swift; path = UserModel.swift; sourceTree = "<group>"; };
		2B3FD25E2B454962003F3DC0 /* Extensions.swift */ = {isa = PBXFileReference; fileEncoding = 4; lastKnownFileType = sourcecode.swift; path = Extensions.swift; sourceTree = "<group>"; };
		2B3FD2612B45B5D0003F3DC0 /* GoogleService-Info.plist */ = {isa = PBXFileReference; fileEncoding = 4; lastKnownFileType = text.plist.xml; path = "GoogleService-Info.plist"; sourceTree = "<group>"; };
		2B3FD2632B45B9C7003F3DC0 /* HomeView.swift */ = {isa = PBXFileReference; lastKnownFileType = sourcecode.swift; path = HomeView.swift; sourceTree = "<group>"; };
		2B3FD2652B45C2B5003F3DC0 /* .gitignore */ = {isa = PBXFileReference; lastKnownFileType = text; path = .gitignore; sourceTree = "<group>"; };
		2B3FD26B2B45CECB003F3DC0 /* MainView.swift */ = {isa = PBXFileReference; lastKnownFileType = sourcecode.swift; path = MainView.swift; sourceTree = "<group>"; };
		2B3FD26D2B45CFAC003F3DC0 /* NewJournalView.swift */ = {isa = PBXFileReference; lastKnownFileType = sourcecode.swift; path = NewJournalView.swift; sourceTree = "<group>"; };
		2B3FD26F2B45D083003F3DC0 /* QuizView.swift */ = {isa = PBXFileReference; lastKnownFileType = sourcecode.swift; path = QuizView.swift; sourceTree = "<group>"; };
		2B3FD2712B45D08D003F3DC0 /* ChartsView.swift */ = {isa = PBXFileReference; lastKnownFileType = sourcecode.swift; path = ChartsView.swift; sourceTree = "<group>"; };
		2B3FD2732B45D098003F3DC0 /* ProfileView.swift */ = {isa = PBXFileReference; lastKnownFileType = sourcecode.swift; path = ProfileView.swift; sourceTree = "<group>"; };
		2B3FD2772B46E7E0003F3DC0 /* JournalModel.swift */ = {isa = PBXFileReference; lastKnownFileType = sourcecode.swift; path = JournalModel.swift; sourceTree = "<group>"; };
		2B6A4E1F2B545BF900D7ECFC /* HomeItemView.swift */ = {isa = PBXFileReference; lastKnownFileType = sourcecode.swift; path = HomeItemView.swift; sourceTree = "<group>"; };
		2BCC69BC2B4D88E00072BC24 /* NewJournalViewModel.swift */ = {isa = PBXFileReference; lastKnownFileType = sourcecode.swift; path = NewJournalViewModel.swift; sourceTree = "<group>"; };
		2BCC69BE2B4D8BAF0072BC24 /* JournalView.swift */ = {isa = PBXFileReference; lastKnownFileType = sourcecode.swift; path = JournalView.swift; sourceTree = "<group>"; };
		2BCC69C02B4D8D460072BC24 /* JournalItemView.swift */ = {isa = PBXFileReference; lastKnownFileType = sourcecode.swift; path = JournalItemView.swift; sourceTree = "<group>"; };
		2BCC69C22B4D8D550072BC24 /* JournalItemViewModel.swift */ = {isa = PBXFileReference; lastKnownFileType = sourcecode.swift; path = JournalItemViewModel.swift; sourceTree = "<group>"; };
		2BCC69C82B4ECC070072BC24 /* Inter-Regular.ttf */ = {isa = PBXFileReference; lastKnownFileType = file; path = "Inter-Regular.ttf"; sourceTree = "<group>"; };
		2BCC69C92B4ECC070072BC24 /* Inter-Bold.ttf */ = {isa = PBXFileReference; lastKnownFileType = file; path = "Inter-Bold.ttf"; sourceTree = "<group>"; };
		2BCC69CC2B4F02E80072BC24 /* JournalViewModel.swift */ = {isa = PBXFileReference; lastKnownFileType = sourcecode.swift; path = JournalViewModel.swift; sourceTree = "<group>"; };
		2BE192372B5544C000D82ADF /* FirstWelcomePageView.swift */ = {isa = PBXFileReference; lastKnownFileType = sourcecode.swift; path = FirstWelcomePageView.swift; sourceTree = "<group>"; };
		2BE192392B55488B00D82ADF /* SecondWelcomePageView.swift */ = {isa = PBXFileReference; lastKnownFileType = sourcecode.swift; path = SecondWelcomePageView.swift; sourceTree = "<group>"; };
		2BFEC5FD2B4AE10400C567D5 /* ProfileViewModel.swift */ = {isa = PBXFileReference; lastKnownFileType = sourcecode.swift; path = ProfileViewModel.swift; sourceTree = "<group>"; };
		2BFEC5FF2B4AF4F000C567D5 /* Poppins-Regular.ttf */ = {isa = PBXFileReference; lastKnownFileType = file; path = "Poppins-Regular.ttf"; sourceTree = "<group>"; };
		2BFEC6002B4AF4F000C567D5 /* Poppins-Medium.ttf */ = {isa = PBXFileReference; lastKnownFileType = file; path = "Poppins-Medium.ttf"; sourceTree = "<group>"; };
		2BFEC6012B4AF4F000C567D5 /* Poppins-ExtraBold.ttf */ = {isa = PBXFileReference; lastKnownFileType = file; path = "Poppins-ExtraBold.ttf"; sourceTree = "<group>"; };
		2BFEC6022B4AF4F000C567D5 /* Poppins-Black.ttf */ = {isa = PBXFileReference; lastKnownFileType = file; path = "Poppins-Black.ttf"; sourceTree = "<group>"; };
		2BFEC6032B4AF4F000C567D5 /* Poppins-Bold.ttf */ = {isa = PBXFileReference; lastKnownFileType = file; path = "Poppins-Bold.ttf"; sourceTree = "<group>"; };
		2BFEC6092B4B133400C567D5 /* MoodModel.swift */ = {isa = PBXFileReference; lastKnownFileType = sourcecode.swift; path = MoodModel.swift; sourceTree = "<group>"; };
		2BFEC60B2B4B13CE00C567D5 /* QuizViewModel.swift */ = {isa = PBXFileReference; lastKnownFileType = sourcecode.swift; path = QuizViewModel.swift; sourceTree = "<group>"; };
/* End PBXFileReference section */

/* Begin PBXFrameworksBuildPhase section */
		2B3FD2092B453670003F3DC0 /* Frameworks */ = {
			isa = PBXFrameworksBuildPhase;
			buildActionMask = 2147483647;
			files = (
				2B3FD2582B4548DF003F3DC0 /* FirebaseAuth in Frameworks */,
				2B3FD25A2B4548DF003F3DC0 /* FirebaseFirestore in Frameworks */,
				2BCC69C72B4D925D0072BC24 /* FirebaseFirestoreSwift in Frameworks */,
			);
			runOnlyForDeploymentPostprocessing = 0;
		};
		2B3FD2192B453672003F3DC0 /* Frameworks */ = {
			isa = PBXFrameworksBuildPhase;
			buildActionMask = 2147483647;
			files = (
			);
			runOnlyForDeploymentPostprocessing = 0;
		};
		2B3FD2232B453672003F3DC0 /* Frameworks */ = {
			isa = PBXFrameworksBuildPhase;
			buildActionMask = 2147483647;
			files = (
			);
			runOnlyForDeploymentPostprocessing = 0;
		};
/* End PBXFrameworksBuildPhase section */

/* Begin PBXGroup section */
		2B3FD2032B453670003F3DC0 = {
			isa = PBXGroup;
			children = (
				2B3FD2652B45C2B5003F3DC0 /* .gitignore */,
				2B3FD20E2B453670003F3DC0 /* DayForge */,
				2B3FD21F2B453672003F3DC0 /* DayForgeTests */,
				2B3FD2292B453672003F3DC0 /* DayForgeUITests */,
				2B3FD20D2B453670003F3DC0 /* Products */,
			);
			sourceTree = "<group>";
		};
		2B3FD20D2B453670003F3DC0 /* Products */ = {
			isa = PBXGroup;
			children = (
				2B3FD20C2B453670003F3DC0 /* DayForge.app */,
				2B3FD21C2B453672003F3DC0 /* DayForgeTests.xctest */,
				2B3FD2262B453672003F3DC0 /* DayForgeUITests.xctest */,
			);
			name = Products;
			sourceTree = "<group>";
		};
		2B3FD20E2B453670003F3DC0 /* DayForge */ = {
			isa = PBXGroup;
			children = (
				2B3FD2432B454010003F3DC0 /* Info.plist */,
				2B3FD25E2B454962003F3DC0 /* Extensions.swift */,
				2B3FD2602B454966003F3DC0 /* Others */,
				2B3FD25B2B45493A003F3DC0 /* Models */,
				2B3FD23F2B453EC1003F3DC0 /* Fonts */,
				2B3FD23A2B4536AB003F3DC0 /* ViewModels */,
				2B3FD2392B45369D003F3DC0 /* Views */,
				2B3FD2152B453672003F3DC0 /* Preview Content */,
			);
			path = DayForge;
			sourceTree = "<group>";
		};
		2B3FD2152B453672003F3DC0 /* Preview Content */ = {
			isa = PBXGroup;
			children = (
				2B3FD2162B453672003F3DC0 /* Preview Assets.xcassets */,
			);
			path = "Preview Content";
			sourceTree = "<group>";
		};
		2B3FD21F2B453672003F3DC0 /* DayForgeTests */ = {
			isa = PBXGroup;
			children = (
				2B3FD2202B453672003F3DC0 /* DayForgeTests.swift */,
			);
			path = DayForgeTests;
			sourceTree = "<group>";
		};
		2B3FD2292B453672003F3DC0 /* DayForgeUITests */ = {
			isa = PBXGroup;
			children = (
				2B3FD22A2B453672003F3DC0 /* DayForgeUITests.swift */,
				2B3FD22C2B453672003F3DC0 /* DayForgeUITestsLaunchTests.swift */,
			);
			path = DayForgeUITests;
			sourceTree = "<group>";
		};
		2B3FD2392B45369D003F3DC0 /* Views */ = {
			isa = PBXGroup;
			children = (
				2B3FD24B2B454807003F3DC0 /* AuthView.swift */,
				2B3FD24A2B454807003F3DC0 /* LoginView.swift */,
				2B3FD24C2B454807003F3DC0 /* RegisterView.swift */,
				2B3FD23B2B4536C8003F3DC0 /* SplashScreenView.swift */,
				2B3FD2482B454773003F3DC0 /* HeadingView.swift */,
				2B3FD2632B45B9C7003F3DC0 /* HomeView.swift */,
				2B3FD26B2B45CECB003F3DC0 /* MainView.swift */,
				2B3FD26D2B45CFAC003F3DC0 /* NewJournalView.swift */,
				2B3FD26F2B45D083003F3DC0 /* QuizView.swift */,
				2B3FD2712B45D08D003F3DC0 /* ChartsView.swift */,
				2B3FD2732B45D098003F3DC0 /* ProfileView.swift */,
				2BCC69BE2B4D8BAF0072BC24 /* JournalView.swift */,
				2BCC69C02B4D8D460072BC24 /* JournalItemView.swift */,
				2B391E9A2B4F50C6000585D7 /* EditJournalView.swift */,
				2B6A4E1F2B545BF900D7ECFC /* HomeItemView.swift */,
				2BE192372B5544C000D82ADF /* FirstWelcomePageView.swift */,
				2BE192392B55488B00D82ADF /* SecondWelcomePageView.swift */,
			);
			path = Views;
			sourceTree = "<group>";
		};
		2B3FD23A2B4536AB003F3DC0 /* ViewModels */ = {
			isa = PBXGroup;
			children = (
				2B3FD2502B454816003F3DC0 /* AuthViewModel.swift */,
				2B3FD2512B454816003F3DC0 /* LoginViewModel.swift */,
				2B3FD2522B454816003F3DC0 /* RegisterViewModel.swift */,
				2B3FD23D2B45371F003F3DC0 /* SplashScreenViewModel.swift */,
				2BFEC5FD2B4AE10400C567D5 /* ProfileViewModel.swift */,
				2BFEC60B2B4B13CE00C567D5 /* QuizViewModel.swift */,
				2BCC69BC2B4D88E00072BC24 /* NewJournalViewModel.swift */,
				2BCC69C22B4D8D550072BC24 /* JournalItemViewModel.swift */,
				2BCC69CC2B4F02E80072BC24 /* JournalViewModel.swift */,
				2B391E9E2B504EE1000585D7 /* ChartsViewModel.swift */,
			);
			path = ViewModels;
			sourceTree = "<group>";
		};
		2B3FD23F2B453EC1003F3DC0 /* Fonts */ = {
			isa = PBXGroup;
			children = (
				2BFEC6022B4AF4F000C567D5 /* Poppins-Black.ttf */,
				2BFEC6032B4AF4F000C567D5 /* Poppins-Bold.ttf */,
				2BFEC6012B4AF4F000C567D5 /* Poppins-ExtraBold.ttf */,
				2BCC69C92B4ECC070072BC24 /* Inter-Bold.ttf */,
				2BCC69C82B4ECC070072BC24 /* Inter-Regular.ttf */,
				2BFEC6002B4AF4F000C567D5 /* Poppins-Medium.ttf */,
				2BFEC5FF2B4AF4F000C567D5 /* Poppins-Regular.ttf */,
				2B3FD2442B454216003F3DC0 /* PaytoneOne-Regular.ttf */,
				2B3FD2412B453F1F003F3DC0 /* Roboto-Regular.ttf */,
			);
			path = Fonts;
			sourceTree = "<group>";
		};
		2B3FD25B2B45493A003F3DC0 /* Models */ = {
			isa = PBXGroup;
			children = (
				2B3FD25C2B45493A003F3DC0 /* UserModel.swift */,
				2B3FD2772B46E7E0003F3DC0 /* JournalModel.swift */,
				2BFEC6092B4B133400C567D5 /* MoodModel.swift */,
			);
			path = Models;
			sourceTree = "<group>";
		};
		2B3FD2602B454966003F3DC0 /* Others */ = {
			isa = PBXGroup;
			children = (
				2B3FD2612B45B5D0003F3DC0 /* GoogleService-Info.plist */,
				2B3FD2132B453672003F3DC0 /* Assets.xcassets */,
				2B3FD2112B453670003F3DC0 /* ContentView.swift */,
				2B3FD20F2B453670003F3DC0 /* DayForgeApp.swift */,
			);
			path = Others;
			sourceTree = "<group>";
		};
/* End PBXGroup section */

/* Begin PBXNativeTarget section */
		2B3FD20B2B453670003F3DC0 /* DayForge */ = {
			isa = PBXNativeTarget;
			buildConfigurationList = 2B3FD2302B453672003F3DC0 /* Build configuration list for PBXNativeTarget "DayForge" */;
			buildPhases = (
				2B3FD2082B453670003F3DC0 /* Sources */,
				2B3FD2092B453670003F3DC0 /* Frameworks */,
				2B3FD20A2B453670003F3DC0 /* Resources */,
			);
			buildRules = (
			);
			dependencies = (
			);
			name = DayForge;
			packageProductDependencies = (
				2B3FD2572B4548DF003F3DC0 /* FirebaseAuth */,
				2B3FD2592B4548DF003F3DC0 /* FirebaseFirestore */,
				2BCC69C62B4D925D0072BC24 /* FirebaseFirestoreSwift */,
			);
			productName = DayForge;
			productReference = 2B3FD20C2B453670003F3DC0 /* DayForge.app */;
			productType = "com.apple.product-type.application";
		};
		2B3FD21B2B453672003F3DC0 /* DayForgeTests */ = {
			isa = PBXNativeTarget;
			buildConfigurationList = 2B3FD2332B453672003F3DC0 /* Build configuration list for PBXNativeTarget "DayForgeTests" */;
			buildPhases = (
				2B3FD2182B453672003F3DC0 /* Sources */,
				2B3FD2192B453672003F3DC0 /* Frameworks */,
				2B3FD21A2B453672003F3DC0 /* Resources */,
			);
			buildRules = (
			);
			dependencies = (
				2B3FD21E2B453672003F3DC0 /* PBXTargetDependency */,
			);
			name = DayForgeTests;
			productName = DayForgeTests;
			productReference = 2B3FD21C2B453672003F3DC0 /* DayForgeTests.xctest */;
			productType = "com.apple.product-type.bundle.unit-test";
		};
		2B3FD2252B453672003F3DC0 /* DayForgeUITests */ = {
			isa = PBXNativeTarget;
			buildConfigurationList = 2B3FD2362B453672003F3DC0 /* Build configuration list for PBXNativeTarget "DayForgeUITests" */;
			buildPhases = (
				2B3FD2222B453672003F3DC0 /* Sources */,
				2B3FD2232B453672003F3DC0 /* Frameworks */,
				2B3FD2242B453672003F3DC0 /* Resources */,
			);
			buildRules = (
			);
			dependencies = (
				2B3FD2282B453672003F3DC0 /* PBXTargetDependency */,
			);
			name = DayForgeUITests;
			productName = DayForgeUITests;
			productReference = 2B3FD2262B453672003F3DC0 /* DayForgeUITests.xctest */;
			productType = "com.apple.product-type.bundle.ui-testing";
		};
/* End PBXNativeTarget section */

/* Begin PBXProject section */
		2B3FD2042B453670003F3DC0 /* Project object */ = {
			isa = PBXProject;
			attributes = {
				BuildIndependentTargetsInParallel = 1;
				LastSwiftUpdateCheck = 1510;
				LastUpgradeCheck = 1510;
				TargetAttributes = {
					2B3FD20B2B453670003F3DC0 = {
						CreatedOnToolsVersion = 15.1;
					};
					2B3FD21B2B453672003F3DC0 = {
						CreatedOnToolsVersion = 15.1;
						TestTargetID = 2B3FD20B2B453670003F3DC0;
					};
					2B3FD2252B453672003F3DC0 = {
						CreatedOnToolsVersion = 15.1;
						TestTargetID = 2B3FD20B2B453670003F3DC0;
					};
				};
			};
			buildConfigurationList = 2B3FD2072B453670003F3DC0 /* Build configuration list for PBXProject "DayForge" */;
			compatibilityVersion = "Xcode 14.0";
			developmentRegion = en;
			hasScannedForEncodings = 0;
			knownRegions = (
				en,
				Base,
			);
			mainGroup = 2B3FD2032B453670003F3DC0;
			packageReferences = (
				2B3FD2562B4548DF003F3DC0 /* XCRemoteSwiftPackageReference "firebase-ios-sdk" */,
			);
			productRefGroup = 2B3FD20D2B453670003F3DC0 /* Products */;
			projectDirPath = "";
			projectRoot = "";
			targets = (
				2B3FD20B2B453670003F3DC0 /* DayForge */,
				2B3FD21B2B453672003F3DC0 /* DayForgeTests */,
				2B3FD2252B453672003F3DC0 /* DayForgeUITests */,
			);
		};
/* End PBXProject section */

/* Begin PBXResourcesBuildPhase section */
		2B3FD20A2B453670003F3DC0 /* Resources */ = {
			isa = PBXResourcesBuildPhase;
			buildActionMask = 2147483647;
			files = (
				2B3FD2422B453F1F003F3DC0 /* Roboto-Regular.ttf in Resources */,
				2BFEC6062B4AF4F000C567D5 /* Poppins-ExtraBold.ttf in Resources */,
				2B3FD2172B453672003F3DC0 /* Preview Assets.xcassets in Resources */,
				2BCC69CB2B4ECC070072BC24 /* Inter-Bold.ttf in Resources */,
				2BFEC6042B4AF4F000C567D5 /* Poppins-Regular.ttf in Resources */,
				2BFEC6072B4AF4F000C567D5 /* Poppins-Black.ttf in Resources */,
				2B3FD2622B45B5D0003F3DC0 /* GoogleService-Info.plist in Resources */,
				2B3FD2142B453672003F3DC0 /* Assets.xcassets in Resources */,
				2BFEC6082B4AF4F000C567D5 /* Poppins-Bold.ttf in Resources */,
				2BFEC6052B4AF4F000C567D5 /* Poppins-Medium.ttf in Resources */,
				2B3FD2662B45C2B5003F3DC0 /* .gitignore in Resources */,
				2BCC69CA2B4ECC070072BC24 /* Inter-Regular.ttf in Resources */,
				2B3FD2452B454216003F3DC0 /* PaytoneOne-Regular.ttf in Resources */,
			);
			runOnlyForDeploymentPostprocessing = 0;
		};
		2B3FD21A2B453672003F3DC0 /* Resources */ = {
			isa = PBXResourcesBuildPhase;
			buildActionMask = 2147483647;
			files = (
			);
			runOnlyForDeploymentPostprocessing = 0;
		};
		2B3FD2242B453672003F3DC0 /* Resources */ = {
			isa = PBXResourcesBuildPhase;
			buildActionMask = 2147483647;
			files = (
			);
			runOnlyForDeploymentPostprocessing = 0;
		};
/* End PBXResourcesBuildPhase section */

/* Begin PBXSourcesBuildPhase section */
		2B3FD2082B453670003F3DC0 /* Sources */ = {
			isa = PBXSourcesBuildPhase;
			buildActionMask = 2147483647;
			files = (
				2BCC69CD2B4F02E90072BC24 /* JournalViewModel.swift in Sources */,
				2BCC69BD2B4D88E00072BC24 /* NewJournalViewModel.swift in Sources */,
				2BE192382B5544C000D82ADF /* FirstWelcomePageView.swift in Sources */,
				2B3FD24E2B454807003F3DC0 /* AuthView.swift in Sources */,
				2BFEC60C2B4B13CE00C567D5 /* QuizViewModel.swift in Sources */,
				2BE1923A2B55488B00D82ADF /* SecondWelcomePageView.swift in Sources */,
				2B3FD2642B45B9C7003F3DC0 /* HomeView.swift in Sources */,
				2B3FD24D2B454807003F3DC0 /* LoginView.swift in Sources */,
				2B3FD2122B453670003F3DC0 /* ContentView.swift in Sources */,
				2B3FD2492B454773003F3DC0 /* HeadingView.swift in Sources */,
				2B391E9B2B4F50C6000585D7 /* EditJournalView.swift in Sources */,
				2B3FD2722B45D08D003F3DC0 /* ChartsView.swift in Sources */,
				2BFEC5FE2B4AE10400C567D5 /* ProfileViewModel.swift in Sources */,
				2B6A4E202B545BF900D7ECFC /* HomeItemView.swift in Sources */,
				2B3FD2552B454816003F3DC0 /* RegisterViewModel.swift in Sources */,
				2B3FD23E2B45371F003F3DC0 /* SplashScreenViewModel.swift in Sources */,
				2B391E9F2B504EE1000585D7 /* ChartsViewModel.swift in Sources */,
				2B3FD24F2B454807003F3DC0 /* RegisterView.swift in Sources */,
				2B3FD2102B453670003F3DC0 /* DayForgeApp.swift in Sources */,
				2B3FD26E2B45CFAC003F3DC0 /* NewJournalView.swift in Sources */,
				2B3FD26C2B45CECB003F3DC0 /* MainView.swift in Sources */,
				2B3FD2742B45D098003F3DC0 /* ProfileView.swift in Sources */,
				2BCC69BF2B4D8BAF0072BC24 /* JournalView.swift in Sources */,
				2BCC69C12B4D8D460072BC24 /* JournalItemView.swift in Sources */,
				2B3FD2782B46E7E0003F3DC0 /* JournalModel.swift in Sources */,
				2B3FD2702B45D083003F3DC0 /* QuizView.swift in Sources */,
				2B3FD25F2B454962003F3DC0 /* Extensions.swift in Sources */,
				2B3FD23C2B4536C8003F3DC0 /* SplashScreenView.swift in Sources */,
				2B3FD2542B454816003F3DC0 /* LoginViewModel.swift in Sources */,
				2BCC69C32B4D8D560072BC24 /* JournalItemViewModel.swift in Sources */,
				2B3FD25D2B45493A003F3DC0 /* UserModel.swift in Sources */,
				2BFEC60A2B4B133400C567D5 /* MoodModel.swift in Sources */,
				2B3FD2532B454816003F3DC0 /* AuthViewModel.swift in Sources */,
			);
			runOnlyForDeploymentPostprocessing = 0;
		};
		2B3FD2182B453672003F3DC0 /* Sources */ = {
			isa = PBXSourcesBuildPhase;
			buildActionMask = 2147483647;
			files = (
				2B3FD2212B453672003F3DC0 /* DayForgeTests.swift in Sources */,
			);
			runOnlyForDeploymentPostprocessing = 0;
		};
		2B3FD2222B453672003F3DC0 /* Sources */ = {
			isa = PBXSourcesBuildPhase;
			buildActionMask = 2147483647;
			files = (
				2B3FD22D2B453672003F3DC0 /* DayForgeUITestsLaunchTests.swift in Sources */,
				2B3FD22B2B453672003F3DC0 /* DayForgeUITests.swift in Sources */,
			);
			runOnlyForDeploymentPostprocessing = 0;
		};
/* End PBXSourcesBuildPhase section */

/* Begin PBXTargetDependency section */
		2B3FD21E2B453672003F3DC0 /* PBXTargetDependency */ = {
			isa = PBXTargetDependency;
			target = 2B3FD20B2B453670003F3DC0 /* DayForge */;
			targetProxy = 2B3FD21D2B453672003F3DC0 /* PBXContainerItemProxy */;
		};
		2B3FD2282B453672003F3DC0 /* PBXTargetDependency */ = {
			isa = PBXTargetDependency;
			target = 2B3FD20B2B453670003F3DC0 /* DayForge */;
			targetProxy = 2B3FD2272B453672003F3DC0 /* PBXContainerItemProxy */;
		};
/* End PBXTargetDependency section */

/* Begin XCBuildConfiguration section */
		2B3FD22E2B453672003F3DC0 /* Debug */ = {
			isa = XCBuildConfiguration;
			buildSettings = {
				ALWAYS_SEARCH_USER_PATHS = NO;
				ASSETCATALOG_COMPILER_GENERATE_SWIFT_ASSET_SYMBOL_EXTENSIONS = YES;
				CLANG_ANALYZER_NONNULL = YES;
				CLANG_ANALYZER_NUMBER_OBJECT_CONVERSION = YES_AGGRESSIVE;
				CLANG_CXX_LANGUAGE_STANDARD = "gnu++20";
				CLANG_ENABLE_MODULES = YES;
				CLANG_ENABLE_OBJC_ARC = YES;
				CLANG_ENABLE_OBJC_WEAK = YES;
				CLANG_WARN_BLOCK_CAPTURE_AUTORELEASING = YES;
				CLANG_WARN_BOOL_CONVERSION = YES;
				CLANG_WARN_COMMA = YES;
				CLANG_WARN_CONSTANT_CONVERSION = YES;
				CLANG_WARN_DEPRECATED_OBJC_IMPLEMENTATIONS = YES;
				CLANG_WARN_DIRECT_OBJC_ISA_USAGE = YES_ERROR;
				CLANG_WARN_DOCUMENTATION_COMMENTS = YES;
				CLANG_WARN_EMPTY_BODY = YES;
				CLANG_WARN_ENUM_CONVERSION = YES;
				CLANG_WARN_INFINITE_RECURSION = YES;
				CLANG_WARN_INT_CONVERSION = YES;
				CLANG_WARN_NON_LITERAL_NULL_CONVERSION = YES;
				CLANG_WARN_OBJC_IMPLICIT_RETAIN_SELF = YES;
				CLANG_WARN_OBJC_LITERAL_CONVERSION = YES;
				CLANG_WARN_OBJC_ROOT_CLASS = YES_ERROR;
				CLANG_WARN_QUOTED_INCLUDE_IN_FRAMEWORK_HEADER = YES;
				CLANG_WARN_RANGE_LOOP_ANALYSIS = YES;
				CLANG_WARN_STRICT_PROTOTYPES = YES;
				CLANG_WARN_SUSPICIOUS_MOVE = YES;
				CLANG_WARN_UNGUARDED_AVAILABILITY = YES_AGGRESSIVE;
				CLANG_WARN_UNREACHABLE_CODE = YES;
				CLANG_WARN__DUPLICATE_METHOD_MATCH = YES;
				COPY_PHASE_STRIP = NO;
				DEBUG_INFORMATION_FORMAT = dwarf;
				ENABLE_STRICT_OBJC_MSGSEND = YES;
				ENABLE_TESTABILITY = YES;
				ENABLE_USER_SCRIPT_SANDBOXING = YES;
				GCC_C_LANGUAGE_STANDARD = gnu17;
				GCC_DYNAMIC_NO_PIC = NO;
				GCC_NO_COMMON_BLOCKS = YES;
				GCC_OPTIMIZATION_LEVEL = 0;
				GCC_PREPROCESSOR_DEFINITIONS = (
					"DEBUG=1",
					"$(inherited)",
				);
				GCC_WARN_64_TO_32_BIT_CONVERSION = YES;
				GCC_WARN_ABOUT_RETURN_TYPE = YES_ERROR;
				GCC_WARN_UNDECLARED_SELECTOR = YES;
				GCC_WARN_UNINITIALIZED_AUTOS = YES_AGGRESSIVE;
				GCC_WARN_UNUSED_FUNCTION = YES;
				GCC_WARN_UNUSED_VARIABLE = YES;
				IPHONEOS_DEPLOYMENT_TARGET = 17.2;
				LOCALIZATION_PREFERS_STRING_CATALOGS = YES;
				MTL_ENABLE_DEBUG_INFO = INCLUDE_SOURCE;
				MTL_FAST_MATH = YES;
				ONLY_ACTIVE_ARCH = YES;
				SDKROOT = iphoneos;
				SWIFT_ACTIVE_COMPILATION_CONDITIONS = "DEBUG $(inherited)";
				SWIFT_OPTIMIZATION_LEVEL = "-Onone";
			};
			name = Debug;
		};
		2B3FD22F2B453672003F3DC0 /* Release */ = {
			isa = XCBuildConfiguration;
			buildSettings = {
				ALWAYS_SEARCH_USER_PATHS = NO;
				ASSETCATALOG_COMPILER_GENERATE_SWIFT_ASSET_SYMBOL_EXTENSIONS = YES;
				CLANG_ANALYZER_NONNULL = YES;
				CLANG_ANALYZER_NUMBER_OBJECT_CONVERSION = YES_AGGRESSIVE;
				CLANG_CXX_LANGUAGE_STANDARD = "gnu++20";
				CLANG_ENABLE_MODULES = YES;
				CLANG_ENABLE_OBJC_ARC = YES;
				CLANG_ENABLE_OBJC_WEAK = YES;
				CLANG_WARN_BLOCK_CAPTURE_AUTORELEASING = YES;
				CLANG_WARN_BOOL_CONVERSION = YES;
				CLANG_WARN_COMMA = YES;
				CLANG_WARN_CONSTANT_CONVERSION = YES;
				CLANG_WARN_DEPRECATED_OBJC_IMPLEMENTATIONS = YES;
				CLANG_WARN_DIRECT_OBJC_ISA_USAGE = YES_ERROR;
				CLANG_WARN_DOCUMENTATION_COMMENTS = YES;
				CLANG_WARN_EMPTY_BODY = YES;
				CLANG_WARN_ENUM_CONVERSION = YES;
				CLANG_WARN_INFINITE_RECURSION = YES;
				CLANG_WARN_INT_CONVERSION = YES;
				CLANG_WARN_NON_LITERAL_NULL_CONVERSION = YES;
				CLANG_WARN_OBJC_IMPLICIT_RETAIN_SELF = YES;
				CLANG_WARN_OBJC_LITERAL_CONVERSION = YES;
				CLANG_WARN_OBJC_ROOT_CLASS = YES_ERROR;
				CLANG_WARN_QUOTED_INCLUDE_IN_FRAMEWORK_HEADER = YES;
				CLANG_WARN_RANGE_LOOP_ANALYSIS = YES;
				CLANG_WARN_STRICT_PROTOTYPES = YES;
				CLANG_WARN_SUSPICIOUS_MOVE = YES;
				CLANG_WARN_UNGUARDED_AVAILABILITY = YES_AGGRESSIVE;
				CLANG_WARN_UNREACHABLE_CODE = YES;
				CLANG_WARN__DUPLICATE_METHOD_MATCH = YES;
				COPY_PHASE_STRIP = NO;
				DEBUG_INFORMATION_FORMAT = "dwarf-with-dsym";
				ENABLE_NS_ASSERTIONS = NO;
				ENABLE_STRICT_OBJC_MSGSEND = YES;
				ENABLE_USER_SCRIPT_SANDBOXING = YES;
				GCC_C_LANGUAGE_STANDARD = gnu17;
				GCC_NO_COMMON_BLOCKS = YES;
				GCC_WARN_64_TO_32_BIT_CONVERSION = YES;
				GCC_WARN_ABOUT_RETURN_TYPE = YES_ERROR;
				GCC_WARN_UNDECLARED_SELECTOR = YES;
				GCC_WARN_UNINITIALIZED_AUTOS = YES_AGGRESSIVE;
				GCC_WARN_UNUSED_FUNCTION = YES;
				GCC_WARN_UNUSED_VARIABLE = YES;
				IPHONEOS_DEPLOYMENT_TARGET = 17.2;
				LOCALIZATION_PREFERS_STRING_CATALOGS = YES;
				MTL_ENABLE_DEBUG_INFO = NO;
				MTL_FAST_MATH = YES;
				SDKROOT = iphoneos;
				SWIFT_COMPILATION_MODE = wholemodule;
				VALIDATE_PRODUCT = YES;
			};
			name = Release;
		};
		2B3FD2312B453672003F3DC0 /* Debug */ = {
			isa = XCBuildConfiguration;
			buildSettings = {
				ASSETCATALOG_COMPILER_APPICON_NAME = AppIcon;
				ASSETCATALOG_COMPILER_GLOBAL_ACCENT_COLOR_NAME = AccentColor;
				CODE_SIGN_STYLE = Automatic;
				CURRENT_PROJECT_VERSION = 1;
				DEVELOPMENT_ASSET_PATHS = "\"DayForge/Preview Content\"";
				ENABLE_PREVIEWS = YES;
				GENERATE_INFOPLIST_FILE = YES;
				INFOPLIST_FILE = DayForge/Info.plist;
				INFOPLIST_KEY_UIApplicationSceneManifest_Generation = YES;
				INFOPLIST_KEY_UIApplicationSupportsIndirectInputEvents = YES;
				INFOPLIST_KEY_UILaunchScreen_Generation = YES;
				INFOPLIST_KEY_UISupportedInterfaceOrientations_iPad = "UIInterfaceOrientationPortrait UIInterfaceOrientationPortraitUpsideDown UIInterfaceOrientationLandscapeLeft UIInterfaceOrientationLandscapeRight";
				INFOPLIST_KEY_UISupportedInterfaceOrientations_iPhone = "UIInterfaceOrientationPortrait UIInterfaceOrientationLandscapeLeft UIInterfaceOrientationLandscapeRight";
				LD_RUNPATH_SEARCH_PATHS = (
					"$(inherited)",
					"@executable_path/Frameworks",
				);
				MARKETING_VERSION = 1.0;
				PRODUCT_BUNDLE_IDENTIFIER = com.menacingmonkeys.DayForge;
				PRODUCT_NAME = "$(TARGET_NAME)";
				SWIFT_EMIT_LOC_STRINGS = YES;
				SWIFT_VERSION = 5.0;
				TARGETED_DEVICE_FAMILY = "1,2";
			};
			name = Debug;
		};
		2B3FD2322B453672003F3DC0 /* Release */ = {
			isa = XCBuildConfiguration;
			buildSettings = {
				ASSETCATALOG_COMPILER_APPICON_NAME = AppIcon;
				ASSETCATALOG_COMPILER_GLOBAL_ACCENT_COLOR_NAME = AccentColor;
				CODE_SIGN_STYLE = Automatic;
				CURRENT_PROJECT_VERSION = 1;
				DEVELOPMENT_ASSET_PATHS = "\"DayForge/Preview Content\"";
				ENABLE_PREVIEWS = YES;
				GENERATE_INFOPLIST_FILE = YES;
				INFOPLIST_FILE = DayForge/Info.plist;
				INFOPLIST_KEY_UIApplicationSceneManifest_Generation = YES;
				INFOPLIST_KEY_UIApplicationSupportsIndirectInputEvents = YES;
				INFOPLIST_KEY_UILaunchScreen_Generation = YES;
				INFOPLIST_KEY_UISupportedInterfaceOrientations_iPad = "UIInterfaceOrientationPortrait UIInterfaceOrientationPortraitUpsideDown UIInterfaceOrientationLandscapeLeft UIInterfaceOrientationLandscapeRight";
				INFOPLIST_KEY_UISupportedInterfaceOrientations_iPhone = "UIInterfaceOrientationPortrait UIInterfaceOrientationLandscapeLeft UIInterfaceOrientationLandscapeRight";
				LD_RUNPATH_SEARCH_PATHS = (
					"$(inherited)",
					"@executable_path/Frameworks",
				);
				MARKETING_VERSION = 1.0;
				PRODUCT_BUNDLE_IDENTIFIER = com.menacingmonkeys.DayForge;
				PRODUCT_NAME = "$(TARGET_NAME)";
				SWIFT_EMIT_LOC_STRINGS = YES;
				SWIFT_VERSION = 5.0;
				TARGETED_DEVICE_FAMILY = "1,2";
			};
			name = Release;
		};
		2B3FD2342B453672003F3DC0 /* Debug */ = {
			isa = XCBuildConfiguration;
			buildSettings = {
				ALWAYS_EMBED_SWIFT_STANDARD_LIBRARIES = YES;
				BUNDLE_LOADER = "$(TEST_HOST)";
				CODE_SIGN_STYLE = Automatic;
				CURRENT_PROJECT_VERSION = 1;
				GENERATE_INFOPLIST_FILE = YES;
				IPHONEOS_DEPLOYMENT_TARGET = 17.2;
				MARKETING_VERSION = 1.0;
				PRODUCT_BUNDLE_IDENTIFIER = com.menacingmonkeys.DayForgeTests;
				PRODUCT_NAME = "$(TARGET_NAME)";
				SWIFT_EMIT_LOC_STRINGS = NO;
				SWIFT_VERSION = 5.0;
				TARGETED_DEVICE_FAMILY = "1,2";
				TEST_HOST = "$(BUILT_PRODUCTS_DIR)/DayForge.app/$(BUNDLE_EXECUTABLE_FOLDER_PATH)/DayForge";
			};
			name = Debug;
		};
		2B3FD2352B453672003F3DC0 /* Release */ = {
			isa = XCBuildConfiguration;
			buildSettings = {
				ALWAYS_EMBED_SWIFT_STANDARD_LIBRARIES = YES;
				BUNDLE_LOADER = "$(TEST_HOST)";
				CODE_SIGN_STYLE = Automatic;
				CURRENT_PROJECT_VERSION = 1;
				GENERATE_INFOPLIST_FILE = YES;
				IPHONEOS_DEPLOYMENT_TARGET = 17.2;
				MARKETING_VERSION = 1.0;
				PRODUCT_BUNDLE_IDENTIFIER = com.menacingmonkeys.DayForgeTests;
				PRODUCT_NAME = "$(TARGET_NAME)";
				SWIFT_EMIT_LOC_STRINGS = NO;
				SWIFT_VERSION = 5.0;
				TARGETED_DEVICE_FAMILY = "1,2";
				TEST_HOST = "$(BUILT_PRODUCTS_DIR)/DayForge.app/$(BUNDLE_EXECUTABLE_FOLDER_PATH)/DayForge";
			};
			name = Release;
		};
		2B3FD2372B453672003F3DC0 /* Debug */ = {
			isa = XCBuildConfiguration;
			buildSettings = {
				ALWAYS_EMBED_SWIFT_STANDARD_LIBRARIES = YES;
				CODE_SIGN_STYLE = Automatic;
				CURRENT_PROJECT_VERSION = 1;
				GENERATE_INFOPLIST_FILE = YES;
				MARKETING_VERSION = 1.0;
				PRODUCT_BUNDLE_IDENTIFIER = com.menacingmonkeys.DayForgeUITests;
				PRODUCT_NAME = "$(TARGET_NAME)";
				SWIFT_EMIT_LOC_STRINGS = NO;
				SWIFT_VERSION = 5.0;
				TARGETED_DEVICE_FAMILY = "1,2";
				TEST_TARGET_NAME = DayForge;
			};
			name = Debug;
		};
		2B3FD2382B453672003F3DC0 /* Release */ = {
			isa = XCBuildConfiguration;
			buildSettings = {
				ALWAYS_EMBED_SWIFT_STANDARD_LIBRARIES = YES;
				CODE_SIGN_STYLE = Automatic;
				CURRENT_PROJECT_VERSION = 1;
				GENERATE_INFOPLIST_FILE = YES;
				MARKETING_VERSION = 1.0;
				PRODUCT_BUNDLE_IDENTIFIER = com.menacingmonkeys.DayForgeUITests;
				PRODUCT_NAME = "$(TARGET_NAME)";
				SWIFT_EMIT_LOC_STRINGS = NO;
				SWIFT_VERSION = 5.0;
				TARGETED_DEVICE_FAMILY = "1,2";
				TEST_TARGET_NAME = DayForge;
			};
			name = Release;
		};
/* End XCBuildConfiguration section */

/* Begin XCConfigurationList section */
		2B3FD2072B453670003F3DC0 /* Build configuration list for PBXProject "DayForge" */ = {
			isa = XCConfigurationList;
			buildConfigurations = (
				2B3FD22E2B453672003F3DC0 /* Debug */,
				2B3FD22F2B453672003F3DC0 /* Release */,
			);
			defaultConfigurationIsVisible = 0;
			defaultConfigurationName = Release;
		};
		2B3FD2302B453672003F3DC0 /* Build configuration list for PBXNativeTarget "DayForge" */ = {
			isa = XCConfigurationList;
			buildConfigurations = (
				2B3FD2312B453672003F3DC0 /* Debug */,
				2B3FD2322B453672003F3DC0 /* Release */,
			);
			defaultConfigurationIsVisible = 0;
			defaultConfigurationName = Release;
		};
		2B3FD2332B453672003F3DC0 /* Build configuration list for PBXNativeTarget "DayForgeTests" */ = {
			isa = XCConfigurationList;
			buildConfigurations = (
				2B3FD2342B453672003F3DC0 /* Debug */,
				2B3FD2352B453672003F3DC0 /* Release */,
			);
			defaultConfigurationIsVisible = 0;
			defaultConfigurationName = Release;
		};
		2B3FD2362B453672003F3DC0 /* Build configuration list for PBXNativeTarget "DayForgeUITests" */ = {
			isa = XCConfigurationList;
			buildConfigurations = (
				2B3FD2372B453672003F3DC0 /* Debug */,
				2B3FD2382B453672003F3DC0 /* Release */,
			);
			defaultConfigurationIsVisible = 0;
			defaultConfigurationName = Release;
		};
/* End XCConfigurationList section */

/* Begin XCRemoteSwiftPackageReference section */
		2B3FD2562B4548DF003F3DC0 /* XCRemoteSwiftPackageReference "firebase-ios-sdk" */ = {
			isa = XCRemoteSwiftPackageReference;
			repositoryURL = "https://github.com/firebase/firebase-ios-sdk";
			requirement = {
				kind = upToNextMajorVersion;
				minimumVersion = 10.19.1;
			};
		};
/* End XCRemoteSwiftPackageReference section */

/* Begin XCSwiftPackageProductDependency section */
		2B3FD2572B4548DF003F3DC0 /* FirebaseAuth */ = {
			isa = XCSwiftPackageProductDependency;
			package = 2B3FD2562B4548DF003F3DC0 /* XCRemoteSwiftPackageReference "firebase-ios-sdk" */;
			productName = FirebaseAuth;
		};
		2B3FD2592B4548DF003F3DC0 /* FirebaseFirestore */ = {
			isa = XCSwiftPackageProductDependency;
			package = 2B3FD2562B4548DF003F3DC0 /* XCRemoteSwiftPackageReference "firebase-ios-sdk" */;
			productName = FirebaseFirestore;
		};
		2BCC69C62B4D925D0072BC24 /* FirebaseFirestoreSwift */ = {
			isa = XCSwiftPackageProductDependency;
			package = 2B3FD2562B4548DF003F3DC0 /* XCRemoteSwiftPackageReference "firebase-ios-sdk" */;
			productName = FirebaseFirestoreSwift;
		};
/* End XCSwiftPackageProductDependency section */
	};
	rootObject = 2B3FD2042B453670003F3DC0 /* Project object */;
}
